
Microsoft Visual Studio Solution File, Format Version 12.00
# Visual Studio Version 16
VisualStudioVersion = 16.0.32510.428
MinimumVisualStudioVersion = 10.0.40219.1
Project("{9A19103F-16F7-4668-BE54-9A1E7A4F7556}") = "Mbaku", "Mbaku\Mbaku.csproj", "{989FA2CB-FC36-4426-AD54-1EDF80C4054D}"
EndProject
Global
	GlobalSection(SolutionConfigurationPlatforms) = preSolution
		Debug|Any CPU = Debug|Any CPU
		Release|Any CPU = Release|Any CPU
	EndGlobalSection
	GlobalSection(ProjectConfigurationPlatforms) = postSolution
		{989FA2CB-FC36-4426-AD54-1EDF80C4054D}.Debug|Any CPU.ActiveCfg = Debug|Any CPU
		{989FA2CB-FC36-4426-AD54-1EDF80C4054D}.Debug|Any CPU.Build.0 = Debug|Any CPU
		{989FA2CB-FC36-4426-AD54-1EDF80C4054D}.Release|Any CPU.ActiveCfg = Release|Any CPU
		{989FA2CB-FC36-4426-AD54-1EDF80C4054D}.Release|Any CPU.Build.0 = Release|Any CPU
	EndGlobalSection
	GlobalSection(SolutionProperties) = preSolution
		HideSolutionNode = FALSE
	EndGlobalSection
	GlobalSection(ExtensibilityGlobals) = postSolution
		SolutionGuid = {990D2892-C7E0-48E1-8026-8C055DFCF23B}
	EndGlobalSection
EndGlobal
